{
  "name": "@nicgordon/mosaic",
  "version": "1.0.0",
  "lockfileVersion": 2,
  "requires": true,
  "packages": {
    "": {
      "name": "@nicgordon/mosaic",
      "version": "1.0.0",
      "license": "MIT",
      "workspaces": [
        "./packages/*"
      ]
    },
    "node_modules/@nicgordon/mosaic-api": {
      "resolved": "packages/api",
      "link": true
    },
    "node_modules/@nicgordon/mosaic-app": {
      "resolved": "packages/app",
      "link": true
    },
    "node_modules/@nicgordon/mosaic-web": {
      "resolved": "packages/web",
      "link": true
    },
    "packages/api": {
      "version": "1.0.0",
      "license": "MIT"
    },
    "packages/app": {
      "version": "1.0.0",
      "license": "MIT"
    },
    "packages/web": {
      "version": "1.0.0",
      "license": "MIT"
    }
  },
  "dependencies": {
    "@nicgordon/mosaic-api": {
      "version": "file:packages/api"
    },
    "@nicgordon/mosaic-app": {
      "version": "file:packages/app"
    },
    "@nicgordon/mosaic-web": {
      "version": "file:packages/web"
    }
  }
}
